
Microsoft Visual Studio Solution File, Format Version 12.00
# Visual Studio 15
VisualStudioVersion = 15.0.27703.2035
MinimumVisualStudioVersion = 10.0.40219.1
Project("{FAE04EC0-301F-11D3-BF4B-00C04F79EFBC}") = "mukatalev1.0", "mukatalev1.0\mukatalev1.0.csproj", "{5F248D65-E59E-4097-81D2-A7575D5B680D}"
EndProject
Global
	GlobalSection(SolutionConfigurationPlatforms) = preSolution
		Debug|Any CPU = Debug|Any CPU
		Release|Any CPU = Release|Any CPU
	EndGlobalSection
	GlobalSection(ProjectConfigurationPlatforms) = postSolution
		{5F248D65-E59E-4097-81D2-A7575D5B680D}.Debug|Any CPU.ActiveCfg = Debug|Any CPU
		{5F248D65-E59E-4097-81D2-A7575D5B680D}.Debug|Any CPU.Build.0 = Debug|Any CPU
		{5F248D65-E59E-4097-81D2-A7575D5B680D}.Release|Any CPU.ActiveCfg = Release|Any CPU
		{5F248D65-E59E-4097-81D2-A7575D5B680D}.Release|Any CPU.Build.0 = Release|Any CPU
	EndGlobalSection
	GlobalSection(SolutionProperties) = preSolution
		HideSolutionNode = FALSE
	EndGlobalSection
	GlobalSection(ExtensibilityGlobals) = postSolution
		SolutionGuid = {9651D319-4ECD-43D9-B882-06D209C8A616}
	EndGlobalSection
EndGlobal
